// !$*UTF8*$!
{
	archiveVersion = 1;
	classes = {
	};
	objectVersion = 56;
	objects = {

/* Begin PBXBuildFile section */
		0BEB80B7B6203ABA55E1C145 /* Pods_JMKLiveShow_JMKLiveShowUITests.framework in Frameworks */ = {isa = PBXBuildFile; fileRef = 4180FA0A05C015EA56702BC0 /* Pods_JMKLiveShow_JMKLiveShowUITests.framework */; };
		195C5C68D6BD2932F2974E1A /* Pods_JMKLiveShowTests.framework in Frameworks */ = {isa = PBXBuildFile; fileRef = 181C95884C7A77B0DCBD2E09 /* Pods_JMKLiveShowTests.framework */; };
		4EFB7E382C78EC4400C27AC1 /* ViewController.m in Sources */ = {isa = PBXBuildFile; fileRef = 4EFB7E372C78EC4400C27AC1 /* ViewController.m */; };
		4EFB7E3B2C78EC4400C27AC1 /* Base in Resources */ = {isa = PBXBuildFile; fileRef = 4EFB7E3A2C78EC4400C27AC1 /* Base */; };
		4EFB7E3D2C78EC4600C27AC1 /* Assets.xcassets in Resources */ = {isa = PBXBuildFile; fileRef = 4EFB7E3C2C78EC4600C27AC1 /* Assets.xcassets */; };
		4EFB7E402C78EC4600C27AC1 /* Base in Resources */ = {isa = PBXBuildFile; fileRef = 4EFB7E3F2C78EC4600C27AC1 /* Base */; };
		4EFB7E432C78EC4600C27AC1 /* main.m in Sources */ = {isa = PBXBuildFile; fileRef = 4EFB7E422C78EC4600C27AC1 /* main.m */; };
		4EFB7E4D2C78EC4600C27AC1 /* JMKLiveShowTests.m in Sources */ = {isa = PBXBuildFile; fileRef = 4EFB7E4C2C78EC4600C27AC1 /* JMKLiveShowTests.m */; };
		4EFB7E572C78EC4600C27AC1 /* JMKLiveShowUITests.m in Sources */ = {isa = PBXBuildFile; fileRef = 4EFB7E562C78EC4600C27AC1 /* JMKLiveShowUITests.m */; };
		4EFB7E592C78EC4600C27AC1 /* JMKLiveShowUITestsLaunchTests.m in Sources */ = {isa = PBXBuildFile; fileRef = 4EFB7E582C78EC4600C27AC1 /* JMKLiveShowUITestsLaunchTests.m */; };
		4EFB7E862C78F35400C27AC1 /* AppDelegate.m in Sources */ = {isa = PBXBuildFile; fileRef = 4EFB7E662C78F35400C27AC1 /* AppDelegate.m */; };
		4EFB7E872C78F35400C27AC1 /* JMKBaseViewController.m in Sources */ = {isa = PBXBuildFile; fileRef = 4EFB7E692C78F35400C27AC1 /* JMKBaseViewController.m */; };
		4EFB7E882C78F35400C27AC1 /* JMKNavigationController.m in Sources */ = {isa = PBXBuildFile; fileRef = 4EFB7E6C2C78F35400C27AC1 /* JMKNavigationController.m */; };
		4EFB7E892C78F35400C27AC1 /* JMKLoginViewController.m in Sources */ = {isa = PBXBuildFile; fileRef = 4EFB7E712C78F35400C27AC1 /* JMKLoginViewController.m */; };
		4EFB7E8A2C78F35400C27AC1 /* JMKLoginViewController.xib in Resources */ = {isa = PBXBuildFile; fileRef = 4EFB7E722C78F35400C27AC1 /* JMKLoginViewController.xib */; };
		4EFB7E8B2C78F35400C27AC1 /* JMKUITool.m in Sources */ = {isa = PBXBuildFile; fileRef = 4EFB7E7F2C78F35400C27AC1 /* JMKUITool.m */; };
		4EFB7E8C2C78F35400C27AC1 /* UIColor+JMKColor.m in Sources */ = {isa = PBXBuildFile; fileRef = 4EFB7E812C78F35400C27AC1 /* UIColor+JMKColor.m */; };
		4EFB7E8D2C78F35400C27AC1 /* UIImage+ImageUtil.m in Sources */ = {isa = PBXBuildFile; fileRef = 4EFB7E832C78F35400C27AC1 /* UIImage+ImageUtil.m */; };
		87118570BDEB45FCFC2BE4AD /* Pods_JMKLiveShow.framework in Frameworks */ = {isa = PBXBuildFile; fileRef = 277266BF325032AB01A6947E /* Pods_JMKLiveShow.framework */; };
/* End PBXBuildFile section */

/* Begin PBXContainerItemProxy section */
		4EFB7E492C78EC4600C27AC1 /* PBXContainerItemProxy */ = {
			isa = PBXContainerItemProxy;
			containerPortal = 4EFB7E252C78EC4400C27AC1 /* Project object */;
			proxyType = 1;
			remoteGlobalIDString = 4EFB7E2C2C78EC4400C27AC1;
			remoteInfo = JMKLiveShow;
		};
		4EFB7E532C78EC4600C27AC1 /* PBXContainerItemProxy */ = {
			isa = PBXContainerItemProxy;
			containerPortal = 4EFB7E252C78EC4400C27AC1 /* Project object */;
			proxyType = 1;
			remoteGlobalIDString = 4EFB7E2C2C78EC4400C27AC1;
			remoteInfo = JMKLiveShow;
		};
/* End PBXContainerItemProxy section */

/* Begin PBXFileReference section */
		181C95884C7A77B0DCBD2E09 /* Pods_JMKLiveShowTests.framework */ = {isa = PBXFileReference; explicitFileType = wrapper.framework; includeInIndex = 0; path = Pods_JMKLiveShowTests.framework; sourceTree = BUILT_PRODUCTS_DIR; };
		189B374058ADFF2235D7B85C /* Pods-JMKLiveShow.debug.xcconfig */ = {isa = PBXFileReference; includeInIndex = 1; lastKnownFileType = text.xcconfig; name = "Pods-JMKLiveShow.debug.xcconfig"; path = "Target Support Files/Pods-JMKLiveShow/Pods-JMKLiveShow.debug.xcconfig"; sourceTree = "<group>"; };
		277266BF325032AB01A6947E /* Pods_JMKLiveShow.framework */ = {isa = PBXFileReference; explicitFileType = wrapper.framework; includeInIndex = 0; path = Pods_JMKLiveShow.framework; sourceTree = BUILT_PRODUCTS_DIR; };
		4077A3A145365D8BC7979BEC /* Pods-JMKLiveShow-JMKLiveShowUITests.release.xcconfig */ = {isa = PBXFileReference; includeInIndex = 1; lastKnownFileType = text.xcconfig; name = "Pods-JMKLiveShow-JMKLiveShowUITests.release.xcconfig"; path = "Target Support Files/Pods-JMKLiveShow-JMKLiveShowUITests/Pods-JMKLiveShow-JMKLiveShowUITests.release.xcconfig"; sourceTree = "<group>"; };
		4180FA0A05C015EA56702BC0 /* Pods_JMKLiveShow_JMKLiveShowUITests.framework */ = {isa = PBXFileReference; explicitFileType = wrapper.framework; includeInIndex = 0; path = Pods_JMKLiveShow_JMKLiveShowUITests.framework; sourceTree = BUILT_PRODUCTS_DIR; };
		4EFB7E2D2C78EC4400C27AC1 /* JMKLiveShow.app */ = {isa = PBXFileReference; explicitFileType = wrapper.application; includeInIndex = 0; path = JMKLiveShow.app; sourceTree = BUILT_PRODUCTS_DIR; };
		4EFB7E362C78EC4400C27AC1 /* ViewController.h */ = {isa = PBXFileReference; lastKnownFileType = sourcecode.c.h; path = ViewController.h; sourceTree = "<group>"; };
		4EFB7E372C78EC4400C27AC1 /* ViewController.m */ = {isa = PBXFileReference; lastKnownFileType = sourcecode.c.objc; path = ViewController.m; sourceTree = "<group>"; };
		4EFB7E3A2C78EC4400C27AC1 /* Base */ = {isa = PBXFileReference; lastKnownFileType = file.storyboard; name = Base; path = Base.lproj/Main.storyboard; sourceTree = "<group>"; };
		4EFB7E3C2C78EC4600C27AC1 /* Assets.xcassets */ = {isa = PBXFileReference; lastKnownFileType = folder.assetcatalog; path = Assets.xcassets; sourceTree = "<group>"; };
		4EFB7E3F2C78EC4600C27AC1 /* Base */ = {isa = PBXFileReference; lastKnownFileType = file.storyboard; name = Base; path = Base.lproj/LaunchScreen.storyboard; sourceTree = "<group>"; };
		4EFB7E412C78EC4600C27AC1 /* Info.plist */ = {isa = PBXFileReference; lastKnownFileType = text.plist.xml; path = Info.plist; sourceTree = "<group>"; };
		4EFB7E422C78EC4600C27AC1 /* main.m */ = {isa = PBXFileReference; lastKnownFileType = sourcecode.c.objc; path = main.m; sourceTree = "<group>"; };
		4EFB7E482C78EC4600C27AC1 /* JMKLiveShowTests.xctest */ = {isa = PBXFileReference; explicitFileType = wrapper.cfbundle; includeInIndex = 0; path = JMKLiveShowTests.xctest; sourceTree = BUILT_PRODUCTS_DIR; };
		4EFB7E4C2C78EC4600C27AC1 /* JMKLiveShowTests.m */ = {isa = PBXFileReference; lastKnownFileType = sourcecode.c.objc; path = JMKLiveShowTests.m; sourceTree = "<group>"; };
		4EFB7E522C78EC4600C27AC1 /* JMKLiveShowUITests.xctest */ = {isa = PBXFileReference; explicitFileType = wrapper.cfbundle; includeInIndex = 0; path = JMKLiveShowUITests.xctest; sourceTree = BUILT_PRODUCTS_DIR; };
		4EFB7E562C78EC4600C27AC1 /* JMKLiveShowUITests.m */ = {isa = PBXFileReference; lastKnownFileType = sourcecode.c.objc; path = JMKLiveShowUITests.m; sourceTree = "<group>"; };
		4EFB7E582C78EC4600C27AC1 /* JMKLiveShowUITestsLaunchTests.m */ = {isa = PBXFileReference; lastKnownFileType = sourcecode.c.objc; path = JMKLiveShowUITestsLaunchTests.m; sourceTree = "<group>"; };
		4EFB7E652C78F35400C27AC1 /* AppDelegate.h */ = {isa = PBXFileReference; fileEncoding = 4; lastKnownFileType = sourcecode.c.h; path = AppDelegate.h; sourceTree = "<group>"; };
		4EFB7E662C78F35400C27AC1 /* AppDelegate.m */ = {isa = PBXFileReference; fileEncoding = 4; lastKnownFileType = sourcecode.c.objc; path = AppDelegate.m; sourceTree = "<group>"; };
		4EFB7E682C78F35400C27AC1 /* JMKBaseViewController.h */ = {isa = PBXFileReference; fileEncoding = 4; lastKnownFileType = sourcecode.c.h; path = JMKBaseViewController.h; sourceTree = "<group>"; };
		4EFB7E692C78F35400C27AC1 /* JMKBaseViewController.m */ = {isa = PBXFileReference; fileEncoding = 4; lastKnownFileType = sourcecode.c.objc; path = JMKBaseViewController.m; sourceTree = "<group>"; };
		4EFB7E6B2C78F35400C27AC1 /* JMKNavigationController.h */ = {isa = PBXFileReference; fileEncoding = 4; lastKnownFileType = sourcecode.c.h; path = JMKNavigationController.h; sourceTree = "<group>"; };
		4EFB7E6C2C78F35400C27AC1 /* JMKNavigationController.m */ = {isa = PBXFileReference; fileEncoding = 4; lastKnownFileType = sourcecode.c.objc; path = JMKNavigationController.m; sourceTree = "<group>"; };
		4EFB7E702C78F35400C27AC1 /* JMKLoginViewController.h */ = {isa = PBXFileReference; fileEncoding = 4; lastKnownFileType = sourcecode.c.h; path = JMKLoginViewController.h; sourceTree = "<group>"; };
		4EFB7E712C78F35400C27AC1 /* JMKLoginViewController.m */ = {isa = PBXFileReference; fileEncoding = 4; lastKnownFileType = sourcecode.c.objc; path = JMKLoginViewController.m; sourceTree = "<group>"; };
		4EFB7E722C78F35400C27AC1 /* JMKLoginViewController.xib */ = {isa = PBXFileReference; fileEncoding = 4; lastKnownFileType = file.xib; path = JMKLoginViewController.xib; sourceTree = "<group>"; };
		4EFB7E752C78F35400C27AC1 /* CommonMacro.h */ = {isa = PBXFileReference; fileEncoding = 4; lastKnownFileType = sourcecode.c.h; path = CommonMacro.h; sourceTree = "<group>"; };
		4EFB7E762C78F35400C27AC1 /* defineHeader.h */ = {isa = PBXFileReference; fileEncoding = 4; lastKnownFileType = sourcecode.c.h; path = defineHeader.h; sourceTree = "<group>"; };
		4EFB7E772C78F35400C27AC1 /* JMKLiveShowPrefix.h */ = {isa = PBXFileReference; fileEncoding = 4; lastKnownFileType = sourcecode.c.h; path = JMKLiveShowPrefix.h; sourceTree = "<group>"; };
		4EFB7E7E2C78F35400C27AC1 /* JMKUITool.h */ = {isa = PBXFileReference; fileEncoding = 4; lastKnownFileType = sourcecode.c.h; path = JMKUITool.h; sourceTree = "<group>"; };
		4EFB7E7F2C78F35400C27AC1 /* JMKUITool.m */ = {isa = PBXFileReference; fileEncoding = 4; lastKnownFileType = sourcecode.c.objc; path = JMKUITool.m; sourceTree = "<group>"; };
		4EFB7E802C78F35400C27AC1 /* UIColor+JMKColor.h */ = {isa = PBXFileReference; fileEncoding = 4; lastKnownFileType = sourcecode.c.h; path = "UIColor+JMKColor.h"; sourceTree = "<group>"; };
		4EFB7E812C78F35400C27AC1 /* UIColor+JMKColor.m */ = {isa = PBXFileReference; fileEncoding = 4; lastKnownFileType = sourcecode.c.objc; path = "UIColor+JMKColor.m"; sourceTree = "<group>"; };
		4EFB7E822C78F35400C27AC1 /* UIImage+ImageUtil.h */ = {isa = PBXFileReference; fileEncoding = 4; lastKnownFileType = sourcecode.c.h; path = "UIImage+ImageUtil.h"; sourceTree = "<group>"; };
		4EFB7E832C78F35400C27AC1 /* UIImage+ImageUtil.m */ = {isa = PBXFileReference; fileEncoding = 4; lastKnownFileType = sourcecode.c.objc; path = "UIImage+ImageUtil.m"; sourceTree = "<group>"; };
		77A3C79C88B90A9843C6B665 /* Pods-JMKLiveShowTests.release.xcconfig */ = {isa = PBXFileReference; includeInIndex = 1; lastKnownFileType = text.xcconfig; name = "Pods-JMKLiveShowTests.release.xcconfig"; path = "Target Support Files/Pods-JMKLiveShowTests/Pods-JMKLiveShowTests.release.xcconfig"; sourceTree = "<group>"; };
		907663E2390668D1D5711DC7 /* Pods-JMKLiveShow.release.xcconfig */ = {isa = PBXFileReference; includeInIndex = 1; lastKnownFileType = text.xcconfig; name = "Pods-JMKLiveShow.release.xcconfig"; path = "Target Support Files/Pods-JMKLiveShow/Pods-JMKLiveShow.release.xcconfig"; sourceTree = "<group>"; };
		AFCDCCF11FA6B8E03AB1F2C0 /* Pods-JMKLiveShowTests.debug.xcconfig */ = {isa = PBXFileReference; includeInIndex = 1; lastKnownFileType = text.xcconfig; name = "Pods-JMKLiveShowTests.debug.xcconfig"; path = "Target Support Files/Pods-JMKLiveShowTests/Pods-JMKLiveShowTests.debug.xcconfig"; sourceTree = "<group>"; };
		F476B872830B33F9DA16EE17 /* Pods-JMKLiveShow-JMKLiveShowUITests.debug.xcconfig */ = {isa = PBXFileReference; includeInIndex = 1; lastKnownFileType = text.xcconfig; name = "Pods-JMKLiveShow-JMKLiveShowUITests.debug.xcconfig"; path = "Target Support Files/Pods-JMKLiveShow-JMKLiveShowUITests/Pods-JMKLiveShow-JMKLiveShowUITests.debug.xcconfig"; sourceTree = "<group>"; };
/* End PBXFileReference section */

/* Begin PBXFrameworksBuildPhase section */
		4EFB7E2A2C78EC4400C27AC1 /* Frameworks */ = {
			isa = PBXFrameworksBuildPhase;
			buildActionMask = 2147483647;
			files = (
				87118570BDEB45FCFC2BE4AD /* Pods_JMKLiveShow.framework in Frameworks */,
			);
			runOnlyForDeploymentPostprocessing = 0;
		};
		4EFB7E452C78EC4600C27AC1 /* Frameworks */ = {
			isa = PBXFrameworksBuildPhase;
			buildActionMask = 2147483647;
			files = (
				195C5C68D6BD2932F2974E1A /* Pods_JMKLiveShowTests.framework in Frameworks */,
			);
			runOnlyForDeploymentPostprocessing = 0;
		};
		4EFB7E4F2C78EC4600C27AC1 /* Frameworks */ = {
			isa = PBXFrameworksBuildPhase;
			buildActionMask = 2147483647;
			files = (
				0BEB80B7B6203ABA55E1C145 /* Pods_JMKLiveShow_JMKLiveShowUITests.framework in Frameworks */,
			);
			runOnlyForDeploymentPostprocessing = 0;
		};
/* End PBXFrameworksBuildPhase section */

/* Begin PBXGroup section */
		18D61436E6A940AC2DEB6805 /* Frameworks */ = {
			isa = PBXGroup;
			children = (
				277266BF325032AB01A6947E /* Pods_JMKLiveShow.framework */,
				4180FA0A05C015EA56702BC0 /* Pods_JMKLiveShow_JMKLiveShowUITests.framework */,
				181C95884C7A77B0DCBD2E09 /* Pods_JMKLiveShowTests.framework */,
			);
			name = Frameworks;
			sourceTree = "<group>";
		};
		4EFB7E242C78EC4400C27AC1 = {
			isa = PBXGroup;
			children = (
				4EFB7E2F2C78EC4400C27AC1 /* JMKLiveShow */,
				4EFB7E4B2C78EC4600C27AC1 /* JMKLiveShowTests */,
				4EFB7E552C78EC4600C27AC1 /* JMKLiveShowUITests */,
				4EFB7E2E2C78EC4400C27AC1 /* Products */,
				EF0F98C131592E613BC98863 /* Pods */,
				18D61436E6A940AC2DEB6805 /* Frameworks */,
			);
			sourceTree = "<group>";
		};
		4EFB7E2E2C78EC4400C27AC1 /* Products */ = {
			isa = PBXGroup;
			children = (
				4EFB7E2D2C78EC4400C27AC1 /* JMKLiveShow.app */,
				4EFB7E482C78EC4600C27AC1 /* JMKLiveShowTests.xctest */,
				4EFB7E522C78EC4600C27AC1 /* JMKLiveShowUITests.xctest */,
			);
			name = Products;
			sourceTree = "<group>";
		};
		4EFB7E2F2C78EC4400C27AC1 /* JMKLiveShow */ = {
			isa = PBXGroup;
			children = (
				4EFB7E852C78F35400C27AC1 /* Classes */,
				4EFB7E8F2C78F37600C27AC1 /* Resources */,
				4EFB7E362C78EC4400C27AC1 /* ViewController.h */,
				4EFB7E372C78EC4400C27AC1 /* ViewController.m */,
				4EFB7E392C78EC4400C27AC1 /* Main.storyboard */,
				4EFB7E3C2C78EC4600C27AC1 /* Assets.xcassets */,
				4EFB7E3E2C78EC4600C27AC1 /* LaunchScreen.storyboard */,
				4EFB7E412C78EC4600C27AC1 /* Info.plist */,
				4EFB7E422C78EC4600C27AC1 /* main.m */,
			);
			path = JMKLiveShow;
			sourceTree = "<group>";
		};
		4EFB7E4B2C78EC4600C27AC1 /* JMKLiveShowTests */ = {
			isa = PBXGroup;
			children = (
				4EFB7E4C2C78EC4600C27AC1 /* JMKLiveShowTests.m */,
			);
			path = JMKLiveShowTests;
			sourceTree = "<group>";
		};
		4EFB7E552C78EC4600C27AC1 /* JMKLiveShowUITests */ = {
			isa = PBXGroup;
			children = (
				4EFB7E562C78EC4600C27AC1 /* JMKLiveShowUITests.m */,
				4EFB7E582C78EC4600C27AC1 /* JMKLiveShowUITestsLaunchTests.m */,
			);
			path = JMKLiveShowUITests;
			sourceTree = "<group>";
		};
		4EFB7E672C78F35400C27AC1 /* AppDelegate */ = {
			isa = PBXGroup;
			children = (
				4EFB7E652C78F35400C27AC1 /* AppDelegate.h */,
				4EFB7E662C78F35400C27AC1 /* AppDelegate.m */,
			);
			path = AppDelegate;
			sourceTree = "<group>";
		};
		4EFB7E6A2C78F35400C27AC1 /* BaseViewController */ = {
			isa = PBXGroup;
			children = (
				4EFB7E682C78F35400C27AC1 /* JMKBaseViewController.h */,
				4EFB7E692C78F35400C27AC1 /* JMKBaseViewController.m */,
			);
			path = BaseViewController;
			sourceTree = "<group>";
		};
		4EFB7E6D2C78F35400C27AC1 /* NavigationController */ = {
			isa = PBXGroup;
			children = (
				4EFB7E6B2C78F35400C27AC1 /* JMKNavigationController.h */,
				4EFB7E6C2C78F35400C27AC1 /* JMKNavigationController.m */,
			);
			path = NavigationController;
			sourceTree = "<group>";
		};
		4EFB7E6E2C78F35400C27AC1 /* TabBarController */ = {
			isa = PBXGroup;
			children = (
			);
			path = TabBarController;
			sourceTree = "<group>";
		};
		4EFB7E6F2C78F35400C27AC1 /* Application */ = {
			isa = PBXGroup;
			children = (
				4EFB7E6A2C78F35400C27AC1 /* BaseViewController */,
				4EFB7E6D2C78F35400C27AC1 /* NavigationController */,
				4EFB7E6E2C78F35400C27AC1 /* TabBarController */,
			);
			path = Application;
			sourceTree = "<group>";
		};
		4EFB7E732C78F35400C27AC1 /* Login */ = {
			isa = PBXGroup;
			children = (
				4EFB7E702C78F35400C27AC1 /* JMKLoginViewController.h */,
				4EFB7E712C78F35400C27AC1 /* JMKLoginViewController.m */,
				4EFB7E722C78F35400C27AC1 /* JMKLoginViewController.xib */,
			);
			path = Login;
			sourceTree = "<group>";
		};
		4EFB7E742C78F35400C27AC1 /* Business */ = {
			isa = PBXGroup;
			children = (
				4EFB7E732C78F35400C27AC1 /* Login */,
			);
			path = Business;
			sourceTree = "<group>";
		};
		4EFB7E782C78F35400C27AC1 /* Header */ = {
			isa = PBXGroup;
			children = (
				4EFB7E752C78F35400C27AC1 /* CommonMacro.h */,
				4EFB7E762C78F35400C27AC1 /* defineHeader.h */,
				4EFB7E772C78F35400C27AC1 /* JMKLiveShowPrefix.h */,
			);
			path = Header;
			sourceTree = "<group>";
		};
		4EFB7E792C78F35400C27AC1 /* Lib */ = {
			isa = PBXGroup;
			children = (
			);
			path = Lib;
			sourceTree = "<group>";
		};
		4EFB7E7A2C78F35400C27AC1 /* Manager */ = {
			isa = PBXGroup;
			children = (
			);
			path = Manager;
			sourceTree = "<group>";
		};
		4EFB7E7B2C78F35400C27AC1 /* Networking */ = {
			isa = PBXGroup;
			children = (
			);
			path = Networking;
			sourceTree = "<group>";
		};
		4EFB7E842C78F35400C27AC1 /* Utils */ = {
			isa = PBXGroup;
			children = (
				4EFB7E7E2C78F35400C27AC1 /* JMKUITool.h */,
				4EFB7E7F2C78F35400C27AC1 /* JMKUITool.m */,
				4EFB7E802C78F35400C27AC1 /* UIColor+JMKColor.h */,
				4EFB7E812C78F35400C27AC1 /* UIColor+JMKColor.m */,
				4EFB7E822C78F35400C27AC1 /* UIImage+ImageUtil.h */,
				4EFB7E832C78F35400C27AC1 /* UIImage+ImageUtil.m */,
			);
			path = Utils;
			sourceTree = "<group>";
		};
		4EFB7E852C78F35400C27AC1 /* Classes */ = {
			isa = PBXGroup;
			children = (
				4EFB7E672C78F35400C27AC1 /* AppDelegate */,
				4EFB7E6F2C78F35400C27AC1 /* Application */,
				4EFB7E742C78F35400C27AC1 /* Business */,
				4EFB7E782C78F35400C27AC1 /* Header */,
				4EFB7E792C78F35400C27AC1 /* Lib */,
				4EFB7E7A2C78F35400C27AC1 /* Manager */,
				4EFB7E7B2C78F35400C27AC1 /* Networking */,
				4EFB7E842C78F35400C27AC1 /* Utils */,
			);
			path = Classes;
			sourceTree = "<group>";
		};
		4EFB7E8E2C78F37600C27AC1 /* Image */ = {
			isa = PBXGroup;
			children = (
			);
			path = Image;
			sourceTree = "<group>";
		};
		4EFB7E8F2C78F37600C27AC1 /* Resources */ = {
			isa = PBXGroup;
			children = (
				4EFB7E8E2C78F37600C27AC1 /* Image */,
			);
			path = Resources;
			sourceTree = "<group>";
		};
		EF0F98C131592E613BC98863 /* Pods */ = {
			isa = PBXGroup;
			children = (
				189B374058ADFF2235D7B85C /* Pods-JMKLiveShow.debug.xcconfig */,
				907663E2390668D1D5711DC7 /* Pods-JMKLiveShow.release.xcconfig */,
				F476B872830B33F9DA16EE17 /* Pods-JMKLiveShow-JMKLiveShowUITests.debug.xcconfig */,
				4077A3A145365D8BC7979BEC /* Pods-JMKLiveShow-JMKLiveShowUITests.release.xcconfig */,
				AFCDCCF11FA6B8E03AB1F2C0 /* Pods-JMKLiveShowTests.debug.xcconfig */,
				77A3C79C88B90A9843C6B665 /* Pods-JMKLiveShowTests.release.xcconfig */,
			);
			path = Pods;
			sourceTree = "<group>";
		};
/* End PBXGroup section */

/* Begin PBXNativeTarget section */
		4EFB7E2C2C78EC4400C27AC1 /* JMKLiveShow */ = {
			isa = PBXNativeTarget;
			buildConfigurationList = 4EFB7E5C2C78EC4600C27AC1 /* Build configuration list for PBXNativeTarget "JMKLiveShow" */;
			buildPhases = (
				76B81C01EC5FB47029D0A9D3 /* [CP] Check Pods Manifest.lock */,
				4EFB7E292C78EC4400C27AC1 /* Sources */,
				4EFB7E2A2C78EC4400C27AC1 /* Frameworks */,
				4EFB7E2B2C78EC4400C27AC1 /* Resources */,
				D0DAF0F1513A5544D93E0A11 /* [CP] Embed Pods Frameworks */,
				E4EE2A07D848FB97D7ECA4FE /* [CP] Copy Pods Resources */,
			);
			buildRules = (
			);
			dependencies = (
			);
			name = JMKLiveShow;
			productName = JMKLiveShow;
			productReference = 4EFB7E2D2C78EC4400C27AC1 /* JMKLiveShow.app */;
			productType = "com.apple.product-type.application";
		};
		4EFB7E472C78EC4600C27AC1 /* JMKLiveShowTests */ = {
			isa = PBXNativeTarget;
			buildConfigurationList = 4EFB7E5F2C78EC4600C27AC1 /* Build configuration list for PBXNativeTarget "JMKLiveShowTests" */;
			buildPhases = (
				6073D8DAB5BC029DC9E3CF13 /* [CP] Check Pods Manifest.lock */,
				4EFB7E442C78EC4600C27AC1 /* Sources */,
				4EFB7E452C78EC4600C27AC1 /* Frameworks */,
				4EFB7E462C78EC4600C27AC1 /* Resources */,
			);
			buildRules = (
			);
			dependencies = (
				4EFB7E4A2C78EC4600C27AC1 /* PBXTargetDependency */,
			);
			name = JMKLiveShowTests;
			productName = JMKLiveShowTests;
			productReference = 4EFB7E482C78EC4600C27AC1 /* JMKLiveShowTests.xctest */;
			productType = "com.apple.product-type.bundle.unit-test";
		};
		4EFB7E512C78EC4600C27AC1 /* JMKLiveShowUITests */ = {
			isa = PBXNativeTarget;
			buildConfigurationList = 4EFB7E622C78EC4600C27AC1 /* Build configuration list for PBXNativeTarget "JMKLiveShowUITests" */;
			buildPhases = (
				06FB74C2587B7D90A5B74421 /* [CP] Check Pods Manifest.lock */,
				4EFB7E4E2C78EC4600C27AC1 /* Sources */,
				4EFB7E4F2C78EC4600C27AC1 /* Frameworks */,
				4EFB7E502C78EC4600C27AC1 /* Resources */,
				03D68C3644EE58DB5ADD2238 /* [CP] Embed Pods Frameworks */,
				08ADE05020418D35C18D28CB /* [CP] Copy Pods Resources */,
			);
			buildRules = (
			);
			dependencies = (
				4EFB7E542C78EC4600C27AC1 /* PBXTargetDependency */,
			);
			name = JMKLiveShowUITests;
			productName = JMKLiveShowUITests;
			productReference = 4EFB7E522C78EC4600C27AC1 /* JMKLiveShowUITests.xctest */;
			productType = "com.apple.product-type.bundle.ui-testing";
		};
/* End PBXNativeTarget section */

/* Begin PBXProject section */
		4EFB7E252C78EC4400C27AC1 /* Project object */ = {
			isa = PBXProject;
			attributes = {
				BuildIndependentTargetsInParallel = 1;
				LastUpgradeCheck = 1540;
				TargetAttributes = {
					4EFB7E2C2C78EC4400C27AC1 = {
						CreatedOnToolsVersion = 15.4;
					};
					4EFB7E472C78EC4600C27AC1 = {
						CreatedOnToolsVersion = 15.4;
						TestTargetID = 4EFB7E2C2C78EC4400C27AC1;
					};
					4EFB7E512C78EC4600C27AC1 = {
						CreatedOnToolsVersion = 15.4;
						TestTargetID = 4EFB7E2C2C78EC4400C27AC1;
					};
				};
			};
			buildConfigurationList = 4EFB7E282C78EC4400C27AC1 /* Build configuration list for PBXProject "JMKLiveShow" */;
			compatibilityVersion = "Xcode 14.0";
			developmentRegion = en;
			hasScannedForEncodings = 0;
			knownRegions = (
				en,
				Base,
			);
			mainGroup = 4EFB7E242C78EC4400C27AC1;
			productRefGroup = 4EFB7E2E2C78EC4400C27AC1 /* Products */;
			projectDirPath = "";
			projectRoot = "";
			targets = (
				4EFB7E2C2C78EC4400C27AC1 /* JMKLiveShow */,
				4EFB7E472C78EC4600C27AC1 /* JMKLiveShowTests */,
				4EFB7E512C78EC4600C27AC1 /* JMKLiveShowUITests */,
			);
		};
/* End PBXProject section */

/* Begin PBXResourcesBuildPhase section */
		4EFB7E2B2C78EC4400C27AC1 /* Resources */ = {
			isa = PBXResourcesBuildPhase;
			buildActionMask = 2147483647;
			files = (
				4EFB7E3D2C78EC4600C27AC1 /* Assets.xcassets in Resources */,
				4EFB7E8A2C78F35400C27AC1 /* JMKLoginViewController.xib in Resources */,
				4EFB7E402C78EC4600C27AC1 /* Base in Resources */,
				4EFB7E3B2C78EC4400C27AC1 /* Base in Resources */,
			);
			runOnlyForDeploymentPostprocessing = 0;
		};
		4EFB7E462C78EC4600C27AC1 /* Resources */ = {
			isa = PBXResourcesBuildPhase;
			buildActionMask = 2147483647;
			files = (
			);
			runOnlyForDeploymentPostprocessing = 0;
		};
		4EFB7E502C78EC4600C27AC1 /* Resources */ = {
			isa = PBXResourcesBuildPhase;
			buildActionMask = 2147483647;
			files = (
			);
			runOnlyForDeploymentPostprocessing = 0;
		};
/* End PBXResourcesBuildPhase section */

/* Begin PBXShellScriptBuildPhase section */
		03D68C3644EE58DB5ADD2238 /* [CP] Embed Pods Frameworks */ = {
			isa = PBXShellScriptBuildPhase;
			buildActionMask = 2147483647;
			files = (
			);
			inputFileListPaths = (
				"${PODS_ROOT}/Target Support Files/Pods-JMKLiveShow-JMKLiveShowUITests/Pods-JMKLiveShow-JMKLiveShowUITests-frameworks-${CONFIGURATION}-input-files.xcfilelist",
			);
			name = "[CP] Embed Pods Frameworks";
			outputFileListPaths = (
				"${PODS_ROOT}/Target Support Files/Pods-JMKLiveShow-JMKLiveShowUITests/Pods-JMKLiveShow-JMKLiveShowUITests-frameworks-${CONFIGURATION}-output-files.xcfilelist",
			);
			runOnlyForDeploymentPostprocessing = 0;
			shellPath = /bin/sh;
			shellScript = "\"${PODS_ROOT}/Target Support Files/Pods-JMKLiveShow-JMKLiveShowUITests/Pods-JMKLiveShow-JMKLiveShowUITests-frameworks.sh\"\n";
			showEnvVarsInLog = 0;
		};
		06FB74C2587B7D90A5B74421 /* [CP] Check Pods Manifest.lock */ = {
			isa = PBXShellScriptBuildPhase;
			buildActionMask = 2147483647;
			files = (
			);
			inputFileListPaths = (
			);
			inputPaths = (
				"${PODS_PODFILE_DIR_PATH}/Podfile.lock",
				"${PODS_ROOT}/Manifest.lock",
			);
			name = "[CP] Check Pods Manifest.lock";
			outputFileListPaths = (
			);
			outputPaths = (
				"$(DERIVED_FILE_DIR)/Pods-JMKLiveShow-JMKLiveShowUITests-checkManifestLockResult.txt",
			);
			runOnlyForDeploymentPostprocessing = 0;
			shellPath = /bin/sh;
			shellScript = "diff \"${PODS_PODFILE_DIR_PATH}/Podfile.lock\" \"${PODS_ROOT}/Manifest.lock\" > /dev/null\nif [ $? != 0 ] ; then\n    # print error to STDERR\n    echo \"error: The sandbox is not in sync with the Podfile.lock. Run 'pod install' or update your CocoaPods installation.\" >&2\n    exit 1\nfi\n# This output is used by Xcode 'outputs' to avoid re-running this script phase.\necho \"SUCCESS\" > \"${SCRIPT_OUTPUT_FILE_0}\"\n";
			showEnvVarsInLog = 0;
		};
		08ADE05020418D35C18D28CB /* [CP] Copy Pods Resources */ = {
			isa = PBXShellScriptBuildPhase;
			buildActionMask = 2147483647;
			files = (
			);
			inputFileListPaths = (
				"${PODS_ROOT}/Target Support Files/Pods-JMKLiveShow-JMKLiveShowUITests/Pods-JMKLiveShow-JMKLiveShowUITests-resources-${CONFIGURATION}-input-files.xcfilelist",
			);
			name = "[CP] Copy Pods Resources";
			outputFileListPaths = (
				"${PODS_ROOT}/Target Support Files/Pods-JMKLiveShow-JMKLiveShowUITests/Pods-JMKLiveShow-JMKLiveShowUITests-resources-${CONFIGURATION}-output-files.xcfilelist",
			);
			runOnlyForDeploymentPostprocessing = 0;
			shellPath = /bin/sh;
			shellScript = "\"${PODS_ROOT}/Target Support Files/Pods-JMKLiveShow-JMKLiveShowUITests/Pods-JMKLiveShow-JMKLiveShowUITests-resources.sh\"\n";
			showEnvVarsInLog = 0;
		};
		6073D8DAB5BC029DC9E3CF13 /* [CP] Check Pods Manifest.lock */ = {
			isa = PBXShellScriptBuildPhase;
			buildActionMask = 2147483647;
			files = (
			);
			inputFileListPaths = (
			);
			inputPaths = (
				"${PODS_PODFILE_DIR_PATH}/Podfile.lock",
				"${PODS_ROOT}/Manifest.lock",
			);
			name = "[CP] Check Pods Manifest.lock";
			outputFileListPaths = (
			);
			outputPaths = (
				"$(DERIVED_FILE_DIR)/Pods-JMKLiveShowTests-checkManifestLockResult.txt",
			);
			runOnlyForDeploymentPostprocessing = 0;
			shellPath = /bin/sh;
			shellScript = "diff \"${PODS_PODFILE_DIR_PATH}/Podfile.lock\" \"${PODS_ROOT}/Manifest.lock\" > /dev/null\nif [ $? != 0 ] ; then\n    # print error to STDERR\n    echo \"error: The sandbox is not in sync with the Podfile.lock. Run 'pod install' or update your CocoaPods installation.\" >&2\n    exit 1\nfi\n# This output is used by Xcode 'outputs' to avoid re-running this script phase.\necho \"SUCCESS\" > \"${SCRIPT_OUTPUT_FILE_0}\"\n";
			showEnvVarsInLog = 0;
		};
		76B81C01EC5FB47029D0A9D3 /* [CP] Check Pods Manifest.lock */ = {
			isa = PBXShellScriptBuildPhase;
			buildActionMask = 2147483647;
			files = (
			);
			inputFileListPaths = (
			);
			inputPaths = (
				"${PODS_PODFILE_DIR_PATH}/Podfile.lock",
				"${PODS_ROOT}/Manifest.lock",
			);
			name = "[CP] Check Pods Manifest.lock";
			outputFileListPaths = (
			);
			outputPaths = (
				"$(DERIVED_FILE_DIR)/Pods-JMKLiveShow-checkManifestLockResult.txt",
			);
			runOnlyForDeploymentPostprocessing = 0;
			shellPath = /bin/sh;
			shellScript = "diff \"${PODS_PODFILE_DIR_PATH}/Podfile.lock\" \"${PODS_ROOT}/Manifest.lock\" > /dev/null\nif [ $? != 0 ] ; then\n    # print error to STDERR\n    echo \"error: The sandbox is not in sync with the Podfile.lock. Run 'pod install' or update your CocoaPods installation.\" >&2\n    exit 1\nfi\n# This output is used by Xcode 'outputs' to avoid re-running this script phase.\necho \"SUCCESS\" > \"${SCRIPT_OUTPUT_FILE_0}\"\n";
			showEnvVarsInLog = 0;
		};
		D0DAF0F1513A5544D93E0A11 /* [CP] Embed Pods Frameworks */ = {
			isa = PBXShellScriptBuildPhase;
			buildActionMask = 2147483647;
			files = (
			);
			inputFileListPaths = (
				"${PODS_ROOT}/Target Support Files/Pods-JMKLiveShow/Pods-JMKLiveShow-frameworks-${CONFIGURATION}-input-files.xcfilelist",
			);
			name = "[CP] Embed Pods Frameworks";
			outputFileListPaths = (
				"${PODS_ROOT}/Target Support Files/Pods-JMKLiveShow/Pods-JMKLiveShow-frameworks-${CONFIGURATION}-output-files.xcfilelist",
			);
			runOnlyForDeploymentPostprocessing = 0;
			shellPath = /bin/sh;
			shellScript = "\"${PODS_ROOT}/Target Support Files/Pods-JMKLiveShow/Pods-JMKLiveShow-frameworks.sh\"\n";
			showEnvVarsInLog = 0;
		};
		E4EE2A07D848FB97D7ECA4FE /* [CP] Copy Pods Resources */ = {
			isa = PBXShellScriptBuildPhase;
			buildActionMask = 2147483647;
			files = (
			);
			inputFileListPaths = (
				"${PODS_ROOT}/Target Support Files/Pods-JMKLiveShow/Pods-JMKLiveShow-resources-${CONFIGURATION}-input-files.xcfilelist",
			);
			name = "[CP] Copy Pods Resources";
			outputFileListPaths = (
				"${PODS_ROOT}/Target Support Files/Pods-JMKLiveShow/Pods-JMKLiveShow-resources-${CONFIGURATION}-output-files.xcfilelist",
			);
			runOnlyForDeploymentPostprocessing = 0;
			shellPath = /bin/sh;
			shellScript = "\"${PODS_ROOT}/Target Support Files/Pods-JMKLiveShow/Pods-JMKLiveShow-resources.sh\"\n";
			showEnvVarsInLog = 0;
		};
/* End PBXShellScriptBuildPhase section */

/* Begin PBXSourcesBuildPhase section */
		4EFB7E292C78EC4400C27AC1 /* Sources */ = {
			isa = PBXSourcesBuildPhase;
			buildActionMask = 2147483647;
			files = (
				4EFB7E882C78F35400C27AC1 /* JMKNavigationController.m in Sources */,
				4EFB7E8D2C78F35400C27AC1 /* UIImage+ImageUtil.m in Sources */,
				4EFB7E862C78F35400C27AC1 /* AppDelegate.m in Sources */,
				4EFB7E872C78F35400C27AC1 /* JMKBaseViewController.m in Sources */,
				4EFB7E892C78F35400C27AC1 /* JMKLoginViewController.m in Sources */,
				4EFB7E8B2C78F35400C27AC1 /* JMKUITool.m in Sources */,
				4EFB7E382C78EC4400C27AC1 /* ViewController.m in Sources */,
				4EFB7E8C2C78F35400C27AC1 /* UIColor+JMKColor.m in Sources */,
				4EFB7E432C78EC4600C27AC1 /* main.m in Sources */,
			);
			runOnlyForDeploymentPostprocessing = 0;
		};
		4EFB7E442C78EC4600C27AC1 /* Sources */ = {
			isa = PBXSourcesBuildPhase;
			buildActionMask = 2147483647;
			files = (
				4EFB7E4D2C78EC4600C27AC1 /* JMKLiveShowTests.m in Sources */,
			);
			runOnlyForDeploymentPostprocessing = 0;
		};
		4EFB7E4E2C78EC4600C27AC1 /* Sources */ = {
			isa = PBXSourcesBuildPhase;
			buildActionMask = 2147483647;
			files = (
				4EFB7E592C78EC4600C27AC1 /* JMKLiveShowUITestsLaunchTests.m in Sources */,
				4EFB7E572C78EC4600C27AC1 /* JMKLiveShowUITests.m in Sources */,
			);
			runOnlyForDeploymentPostprocessing = 0;
		};
/* End PBXSourcesBuildPhase section */

/* Begin PBXTargetDependency section */
		4EFB7E4A2C78EC4600C27AC1 /* PBXTargetDependency */ = {
			isa = PBXTargetDependency;
			target = 4EFB7E2C2C78EC4400C27AC1 /* JMKLiveShow */;
			targetProxy = 4EFB7E492C78EC4600C27AC1 /* PBXContainerItemProxy */;
		};
		4EFB7E542C78EC4600C27AC1 /* PBXTargetDependency */ = {
			isa = PBXTargetDependency;
			target = 4EFB7E2C2C78EC4400C27AC1 /* JMKLiveShow */;
			targetProxy = 4EFB7E532C78EC4600C27AC1 /* PBXContainerItemProxy */;
		};
/* End PBXTargetDependency section */

/* Begin PBXVariantGroup section */
		4EFB7E392C78EC4400C27AC1 /* Main.storyboard */ = {
			isa = PBXVariantGroup;
			children = (
				4EFB7E3A2C78EC4400C27AC1 /* Base */,
			);
			name = Main.storyboard;
			sourceTree = "<group>";
		};
		4EFB7E3E2C78EC4600C27AC1 /* LaunchScreen.storyboard */ = {
			isa = PBXVariantGroup;
			children = (
				4EFB7E3F2C78EC4600C27AC1 /* Base */,
			);
			name = LaunchScreen.storyboard;
			sourceTree = "<group>";
		};
/* End PBXVariantGroup section */

/* Begin XCBuildConfiguration section */
		4EFB7E5A2C78EC4600C27AC1 /* Debug */ = {
			isa = XCBuildConfiguration;
			buildSettings = {
				ALWAYS_SEARCH_USER_PATHS = NO;
				ASSETCATALOG_COMPILER_GENERATE_SWIFT_ASSET_SYMBOL_EXTENSIONS = YES;
				CLANG_ANALYZER_NONNULL = YES;
				CLANG_ANALYZER_NUMBER_OBJECT_CONVERSION = YES_AGGRESSIVE;
				CLANG_CXX_LANGUAGE_STANDARD = "gnu++20";
				CLANG_ENABLE_MODULES = YES;
				CLANG_ENABLE_OBJC_ARC = YES;
				CLANG_ENABLE_OBJC_WEAK = YES;
				CLANG_WARN_BLOCK_CAPTURE_AUTORELEASING = YES;
				CLANG_WARN_BOOL_CONVERSION = YES;
				CLANG_WARN_COMMA = YES;
				CLANG_WARN_CONSTANT_CONVERSION = YES;
				CLANG_WARN_DEPRECATED_OBJC_IMPLEMENTATIONS = YES;
				CLANG_WARN_DIRECT_OBJC_ISA_USAGE = YES_ERROR;
				CLANG_WARN_DOCUMENTATION_COMMENTS = YES;
				CLANG_WARN_EMPTY_BODY = YES;
				CLANG_WARN_ENUM_CONVERSION = YES;
				CLANG_WARN_INFINITE_RECURSION = YES;
				CLANG_WARN_INT_CONVERSION = YES;
				CLANG_WARN_NON_LITERAL_NULL_CONVERSION = YES;
				CLANG_WARN_OBJC_IMPLICIT_RETAIN_SELF = YES;
				CLANG_WARN_OBJC_LITERAL_CONVERSION = YES;
				CLANG_WARN_OBJC_ROOT_CLASS = YES_ERROR;
				CLANG_WARN_QUOTED_INCLUDE_IN_FRAMEWORK_HEADER = YES;
				CLANG_WARN_RANGE_LOOP_ANALYSIS = YES;
				CLANG_WARN_STRICT_PROTOTYPES = YES;
				CLANG_WARN_SUSPICIOUS_MOVE = YES;
				CLANG_WARN_UNGUARDED_AVAILABILITY = YES_AGGRESSIVE;
				CLANG_WARN_UNREACHABLE_CODE = YES;
				CLANG_WARN__DUPLICATE_METHOD_MATCH = YES;
				COPY_PHASE_STRIP = NO;
				DEBUG_INFORMATION_FORMAT = dwarf;
				ENABLE_STRICT_OBJC_MSGSEND = YES;
				ENABLE_TESTABILITY = YES;
				ENABLE_USER_SCRIPT_SANDBOXING = YES;
				GCC_C_LANGUAGE_STANDARD = gnu17;
				GCC_DYNAMIC_NO_PIC = NO;
				GCC_NO_COMMON_BLOCKS = YES;
				GCC_OPTIMIZATION_LEVEL = 0;
				GCC_PREPROCESSOR_DEFINITIONS = (
					"DEBUG=1",
					"$(inherited)",
				);
				GCC_WARN_64_TO_32_BIT_CONVERSION = YES;
				GCC_WARN_ABOUT_RETURN_TYPE = YES_ERROR;
				GCC_WARN_UNDECLARED_SELECTOR = YES;
				GCC_WARN_UNINITIALIZED_AUTOS = YES_AGGRESSIVE;
				GCC_WARN_UNUSED_FUNCTION = YES;
				GCC_WARN_UNUSED_VARIABLE = YES;
				IPHONEOS_DEPLOYMENT_TARGET = 17.5;
				LOCALIZATION_PREFERS_STRING_CATALOGS = YES;
				MTL_ENABLE_DEBUG_INFO = INCLUDE_SOURCE;
				MTL_FAST_MATH = YES;
				ONLY_ACTIVE_ARCH = YES;
				SDKROOT = iphoneos;
			};
			name = Debug;
		};
		4EFB7E5B2C78EC4600C27AC1 /* Release */ = {
			isa = XCBuildConfiguration;
			buildSettings = {
				ALWAYS_SEARCH_USER_PATHS = NO;
				ASSETCATALOG_COMPILER_GENERATE_SWIFT_ASSET_SYMBOL_EXTENSIONS = YES;
				CLANG_ANALYZER_NONNULL = YES;
				CLANG_ANALYZER_NUMBER_OBJECT_CONVERSION = YES_AGGRESSIVE;
				CLANG_CXX_LANGUAGE_STANDARD = "gnu++20";
				CLANG_ENABLE_MODULES = YES;
				CLANG_ENABLE_OBJC_ARC = YES;
				CLANG_ENABLE_OBJC_WEAK = YES;
				CLANG_WARN_BLOCK_CAPTURE_AUTORELEASING = YES;
				CLANG_WARN_BOOL_CONVERSION = YES;
				CLANG_WARN_COMMA = YES;
				CLANG_WARN_CONSTANT_CONVERSION = YES;
				CLANG_WARN_DEPRECATED_OBJC_IMPLEMENTATIONS = YES;
				CLANG_WARN_DIRECT_OBJC_ISA_USAGE = YES_ERROR;
				CLANG_WARN_DOCUMENTATION_COMMENTS = YES;
				CLANG_WARN_EMPTY_BODY = YES;
				CLANG_WARN_ENUM_CONVERSION = YES;
				CLANG_WARN_INFINITE_RECURSION = YES;
				CLANG_WARN_INT_CONVERSION = YES;
				CLANG_WARN_NON_LITERAL_NULL_CONVERSION = YES;
				CLANG_WARN_OBJC_IMPLICIT_RETAIN_SELF = YES;
				CLANG_WARN_OBJC_LITERAL_CONVERSION = YES;
				CLANG_WARN_OBJC_ROOT_CLASS = YES_ERROR;
				CLANG_WARN_QUOTED_INCLUDE_IN_FRAMEWORK_HEADER = YES;
				CLANG_WARN_RANGE_LOOP_ANALYSIS = YES;
				CLANG_WARN_STRICT_PROTOTYPES = YES;
				CLANG_WARN_SUSPICIOUS_MOVE = YES;
				CLANG_WARN_UNGUARDED_AVAILABILITY = YES_AGGRESSIVE;
				CLANG_WARN_UNREACHABLE_CODE = YES;
				CLANG_WARN__DUPLICATE_METHOD_MATCH = YES;
				COPY_PHASE_STRIP = NO;
				DEBUG_INFORMATION_FORMAT = "dwarf-with-dsym";
				ENABLE_NS_ASSERTIONS = NO;
				ENABLE_STRICT_OBJC_MSGSEND = YES;
				ENABLE_USER_SCRIPT_SANDBOXING = YES;
				GCC_C_LANGUAGE_STANDARD = gnu17;
				GCC_NO_COMMON_BLOCKS = YES;
				GCC_WARN_64_TO_32_BIT_CONVERSION = YES;
				GCC_WARN_ABOUT_RETURN_TYPE = YES_ERROR;
				GCC_WARN_UNDECLARED_SELECTOR = YES;
				GCC_WARN_UNINITIALIZED_AUTOS = YES_AGGRESSIVE;
				GCC_WARN_UNUSED_FUNCTION = YES;
				GCC_WARN_UNUSED_VARIABLE = YES;
				IPHONEOS_DEPLOYMENT_TARGET = 17.5;
				LOCALIZATION_PREFERS_STRING_CATALOGS = YES;
				MTL_ENABLE_DEBUG_INFO = NO;
				MTL_FAST_MATH = YES;
				SDKROOT = iphoneos;
				VALIDATE_PRODUCT = YES;
			};
			name = Release;
		};
		4EFB7E5D2C78EC4600C27AC1 /* Debug */ = {
			isa = XCBuildConfiguration;
			baseConfigurationReference = 189B374058ADFF2235D7B85C /* Pods-JMKLiveShow.debug.xcconfig */;
			buildSettings = {
				ASSETCATALOG_COMPILER_APPICON_NAME = AppIcon;
				ASSETCATALOG_COMPILER_GLOBAL_ACCENT_COLOR_NAME = AccentColor;
				CODE_SIGN_STYLE = Automatic;
				CURRENT_PROJECT_VERSION = 1;
				DEVELOPMENT_TEAM = BUCWZY2XF4;
				ENABLE_USER_SCRIPT_SANDBOXING = NO;
				GCC_PREFIX_HEADER = /Users/llj/Desktop/JMKLiveShow/JMKLiveShow/Classes/Header/JMKLiveShowPrefix.h;
				GENERATE_INFOPLIST_FILE = YES;
				INFOPLIST_FILE = JMKLiveShow/Info.plist;
				INFOPLIST_KEY_UIApplicationSupportsIndirectInputEvents = YES;
				INFOPLIST_KEY_UILaunchStoryboardName = LaunchScreen;
				INFOPLIST_KEY_UIMainStoryboardFile = Main;
				INFOPLIST_KEY_UISupportedInterfaceOrientations_iPad = "UIInterfaceOrientationPortrait UIInterfaceOrientationPortraitUpsideDown UIInterfaceOrientationLandscapeLeft UIInterfaceOrientationLandscapeRight";
				INFOPLIST_KEY_UISupportedInterfaceOrientations_iPhone = "UIInterfaceOrientationPortrait UIInterfaceOrientationLandscapeLeft UIInterfaceOrientationLandscapeRight";
				LD_RUNPATH_SEARCH_PATHS = (
					"$(inherited)",
					"@executable_path/Frameworks",
				);
				MARKETING_VERSION = 1.0;
				PRODUCT_BUNDLE_IDENTIFIER = JMKLiveShow.JMKLiveShow;
				PRODUCT_NAME = "$(TARGET_NAME)";
				SWIFT_EMIT_LOC_STRINGS = YES;
				TARGETED_DEVICE_FAMILY = "1,2";
			};
			name = Debug;
		};
		4EFB7E5E2C78EC4600C27AC1 /* Release */ = {
			isa = XCBuildConfiguration;
			baseConfigurationReference = 907663E2390668D1D5711DC7 /* Pods-JMKLiveShow.release.xcconfig */;
			buildSettings = {
				ASSETCATALOG_COMPILER_APPICON_NAME = AppIcon;
				ASSETCATALOG_COMPILER_GLOBAL_ACCENT_COLOR_NAME = AccentColor;
				CODE_SIGN_STYLE = Automatic;
				CURRENT_PROJECT_VERSION = 1;
				DEVELOPMENT_TEAM = BUCWZY2XF4;
				ENABLE_USER_SCRIPT_SANDBOXING = NO;
				GCC_PREFIX_HEADER = /Users/llj/Desktop/JMKLiveShow/JMKLiveShow/Classes/Header/JMKLiveShowPrefix.h;
				GENERATE_INFOPLIST_FILE = YES;
				INFOPLIST_FILE = JMKLiveShow/Info.plist;
				INFOPLIST_KEY_UIApplicationSupportsIndirectInputEvents = YES;
				INFOPLIST_KEY_UILaunchStoryboardName = LaunchScreen;
				INFOPLIST_KEY_UIMainStoryboardFile = Main;
				INFOPLIST_KEY_UISupportedInterfaceOrientations_iPad = "UIInterfaceOrientationPortrait UIInterfaceOrientationPortraitUpsideDown UIInterfaceOrientationLandscapeLeft UIInterfaceOrientationLandscapeRight";
				INFOPLIST_KEY_UISupportedInterfaceOrientations_iPhone = "UIInterfaceOrientationPortrait UIInterfaceOrientationLandscapeLeft UIInterfaceOrientationLandscapeRight";
				LD_RUNPATH_SEARCH_PATHS = (
					"$(inherited)",
					"@executable_path/Frameworks",
				);
				MARKETING_VERSION = 1.0;
				PRODUCT_BUNDLE_IDENTIFIER = JMKLiveShow.JMKLiveShow;
				PRODUCT_NAME = "$(TARGET_NAME)";
				SWIFT_EMIT_LOC_STRINGS = YES;
				TARGETED_DEVICE_FAMILY = "1,2";
			};
			name = Release;
		};
		4EFB7E602C78EC4600C27AC1 /* Debug */ = {
			isa = XCBuildConfiguration;
			baseConfigurationReference = AFCDCCF11FA6B8E03AB1F2C0 /* Pods-JMKLiveShowTests.debug.xcconfig */;
			buildSettings = {
				BUNDLE_LOADER = "$(TEST_HOST)";
				CODE_SIGN_STYLE = Automatic;
				CURRENT_PROJECT_VERSION = 1;
				DEVELOPMENT_TEAM = BUCWZY2XF4;
				GENERATE_INFOPLIST_FILE = YES;
				IPHONEOS_DEPLOYMENT_TARGET = 17.5;
				MARKETING_VERSION = 1.0;
				PRODUCT_BUNDLE_IDENTIFIER = JMKLiveShow.JMKLiveShowTests;
				PRODUCT_NAME = "$(TARGET_NAME)";
				SWIFT_EMIT_LOC_STRINGS = NO;
				TARGETED_DEVICE_FAMILY = "1,2";
				TEST_HOST = "$(BUILT_PRODUCTS_DIR)/JMKLiveShow.app/$(BUNDLE_EXECUTABLE_FOLDER_PATH)/JMKLiveShow";
			};
			name = Debug;
		};
		4EFB7E612C78EC4600C27AC1 /* Release */ = {
			isa = XCBuildConfiguration;
			baseConfigurationReference = 77A3C79C88B90A9843C6B665 /* Pods-JMKLiveShowTests.release.xcconfig */;
			buildSettings = {
				BUNDLE_LOADER = "$(TEST_HOST)";
				CODE_SIGN_STYLE = Automatic;
				CURRENT_PROJECT_VERSION = 1;
				DEVELOPMENT_TEAM = BUCWZY2XF4;
				GENERATE_INFOPLIST_FILE = YES;
				IPHONEOS_DEPLOYMENT_TARGET = 17.5;
				MARKETING_VERSION = 1.0;
				PRODUCT_BUNDLE_IDENTIFIER = JMKLiveShow.JMKLiveShowTests;
				PRODUCT_NAME = "$(TARGET_NAME)";
				SWIFT_EMIT_LOC_STRINGS = NO;
				TARGETED_DEVICE_FAMILY = "1,2";
				TEST_HOST = "$(BUILT_PRODUCTS_DIR)/JMKLiveShow.app/$(BUNDLE_EXECUTABLE_FOLDER_PATH)/JMKLiveShow";
			};
			name = Release;
		};
		4EFB7E632C78EC4600C27AC1 /* Debug */ = {
			isa = XCBuildConfiguration;
			baseConfigurationReference = F476B872830B33F9DA16EE17 /* Pods-JMKLiveShow-JMKLiveShowUITests.debug.xcconfig */;
			buildSettings = {
				CODE_SIGN_STYLE = Automatic;
				CURRENT_PROJECT_VERSION = 1;
				DEVELOPMENT_TEAM = BUCWZY2XF4;
				GENERATE_INFOPLIST_FILE = YES;
				MARKETING_VERSION = 1.0;
				PRODUCT_BUNDLE_IDENTIFIER = JMKLiveShow.JMKLiveShowUITests;
				PRODUCT_NAME = "$(TARGET_NAME)";
				SWIFT_EMIT_LOC_STRINGS = NO;
				TARGETED_DEVICE_FAMILY = "1,2";
				TEST_TARGET_NAME = JMKLiveShow;
			};
			name = Debug;
		};
		4EFB7E642C78EC4600C27AC1 /* Release */ = {
			isa = XCBuildConfiguration;
			baseConfigurationReference = 4077A3A145365D8BC7979BEC /* Pods-JMKLiveShow-JMKLiveShowUITests.release.xcconfig */;
			buildSettings = {
				CODE_SIGN_STYLE = Automatic;
				CURRENT_PROJECT_VERSION = 1;
				DEVELOPMENT_TEAM = BUCWZY2XF4;
				GENERATE_INFOPLIST_FILE = YES;
				MARKETING_VERSION = 1.0;
				PRODUCT_BUNDLE_IDENTIFIER = JMKLiveShow.JMKLiveShowUITests;
				PRODUCT_NAME = "$(TARGET_NAME)";
				SWIFT_EMIT_LOC_STRINGS = NO;
				TARGETED_DEVICE_FAMILY = "1,2";
				TEST_TARGET_NAME = JMKLiveShow;
			};
			name = Release;
		};
/* End XCBuildConfiguration section */

/* Begin XCConfigurationList section */
		4EFB7E282C78EC4400C27AC1 /* Build configuration list for PBXProject "JMKLiveShow" */ = {
			isa = XCConfigurationList;
			buildConfigurations = (
				4EFB7E5A2C78EC4600C27AC1 /* Debug */,
				4EFB7E5B2C78EC4600C27AC1 /* Release */,
			);
			defaultConfigurationIsVisible = 0;
			defaultConfigurationName = Release;
		};
		4EFB7E5C2C78EC4600C27AC1 /* Build configuration list for PBXNativeTarget "JMKLiveShow" */ = {
			isa = XCConfigurationList;
			buildConfigurations = (
				4EFB7E5D2C78EC4600C27AC1 /* Debug */,
				4EFB7E5E2C78EC4600C27AC1 /* Release */,
			);
			defaultConfigurationIsVisible = 0;
			defaultConfigurationName = Release;
		};
		4EFB7E5F2C78EC4600C27AC1 /* Build configuration list for PBXNativeTarget "JMKLiveShowTests" */ = {
			isa = XCConfigurationList;
			buildConfigurations = (
				4EFB7E602C78EC4600C27AC1 /* Debug */,
				4EFB7E612C78EC4600C27AC1 /* Release */,
			);
			defaultConfigurationIsVisible = 0;
			defaultConfigurationName = Release;
		};
		4EFB7E622C78EC4600C27AC1 /* Build configuration list for PBXNativeTarget "JMKLiveShowUITests" */ = {
			isa = XCConfigurationList;
			buildConfigurations = (
				4EFB7E632C78EC4600C27AC1 /* Debug */,
				4EFB7E642C78EC4600C27AC1 /* Release */,
			);
			defaultConfigurationIsVisible = 0;
			defaultConfigurationName = Release;
		};
/* End XCConfigurationList section */
	};
	rootObject = 4EFB7E252C78EC4400C27AC1 /* Project object */;
}
